
Microsoft Visual Studio Solution File, Format Version 12.00
# Visual Studio Version 17
VisualStudioVersion = 17.1.32319.34
MinimumVisualStudioVersion = 10.0.40219.1
Project("{9A19103F-16F7-4668-BE54-9A1E7A4F7556}") = "nuke-sandbox-app", "nuke-sandbox-app\nuke-sandbox-app.csproj", "{07FDF064-E470-497F-9D47-39DB2F8036A9}"
EndProject
Project("{9A19103F-16F7-4668-BE54-9A1E7A4F7556}") = "_build", "build\_build.csproj", "{5A684350-E7B6-49CD-814A-72A17DE23824}"
EndProject
Global
	GlobalSection(SolutionConfigurationPlatforms) = preSolution
		Debug|Any CPU = Debug|Any CPU
		Release|Any CPU = Release|Any CPU
	EndGlobalSection
	GlobalSection(ProjectConfigurationPlatforms) = postSolution
		{07FDF064-E470-497F-9D47-39DB2F8036A9}.Debug|Any CPU.ActiveCfg = Debug|Any CPU
		{07FDF064-E470-497F-9D47-39DB2F8036A9}.Debug|Any CPU.Build.0 = Debug|Any CPU
		{07FDF064-E470-497F-9D47-39DB2F8036A9}.Release|Any CPU.ActiveCfg = Release|Any CPU
		{07FDF064-E470-497F-9D47-39DB2F8036A9}.Release|Any CPU.Build.0 = Release|Any CPU
		{5A684350-E7B6-49CD-814A-72A17DE23824}.Debug|Any CPU.ActiveCfg = Debug|Any CPU
		{5A684350-E7B6-49CD-814A-72A17DE23824}.Release|Any CPU.ActiveCfg = Release|Any CPU
	EndGlobalSection
	GlobalSection(SolutionProperties) = preSolution
		HideSolutionNode = FALSE
	EndGlobalSection
	GlobalSection(ExtensibilityGlobals) = postSolution
		SolutionGuid = {FDE14FC9-2D89-4261-92A4-F86F0336D7EB}
	EndGlobalSection
EndGlobal
